
Microsoft Visual Studio Solution File, Format Version 12.00
# Visual Studio Version 17
VisualStudioVersion = 17.10.34928.147
MinimumVisualStudioVersion = 10.0.40219.1
Project("{9A19103F-16F7-4668-BE54-9A1E7A4F7556}") = "MyFirstUnitTest", "MyFirstUnitTest\MyFirstUnitTest.csproj", "{2EF81DD5-DBCE-4925-9BDB-53B539AE269D}"
EndProject
Project("{FAE04EC0-301F-11D3-BF4B-00C04F79EFBC}") = "NetworkUtility", "NetworkUtility\NetworkUtility.csproj", "{934B33D1-0368-493F-B1EC-437D09C051F5}"
EndProject
Project("{FAE04EC0-301F-11D3-BF4B-00C04F79EFBC}") = "NetworkUtility.Tests", "NetworkUtility.Tests\NetworkUtility.Tests.csproj", "{54719FA3-E2C1-4622-B283-F9A821A369FA}"
EndProject
Global
	GlobalSection(SolutionConfigurationPlatforms) = preSolution
		Debug|Any CPU = Debug|Any CPU
		Release|Any CPU = Release|Any CPU
	EndGlobalSection
	GlobalSection(ProjectConfigurationPlatforms) = postSolution
		{2EF81DD5-DBCE-4925-9BDB-53B539AE269D}.Debug|Any CPU.ActiveCfg = Debug|Any CPU
		{2EF81DD5-DBCE-4925-9BDB-53B539AE269D}.Debug|Any CPU.Build.0 = Debug|Any CPU
		{2EF81DD5-DBCE-4925-9BDB-53B539AE269D}.Release|Any CPU.ActiveCfg = Release|Any CPU
		{2EF81DD5-DBCE-4925-9BDB-53B539AE269D}.Release|Any CPU.Build.0 = Release|Any CPU
		{934B33D1-0368-493F-B1EC-437D09C051F5}.Debug|Any CPU.ActiveCfg = Debug|Any CPU
		{934B33D1-0368-493F-B1EC-437D09C051F5}.Debug|Any CPU.Build.0 = Debug|Any CPU
		{934B33D1-0368-493F-B1EC-437D09C051F5}.Release|Any CPU.ActiveCfg = Release|Any CPU
		{934B33D1-0368-493F-B1EC-437D09C051F5}.Release|Any CPU.Build.0 = Release|Any CPU
		{54719FA3-E2C1-4622-B283-F9A821A369FA}.Debug|Any CPU.ActiveCfg = Debug|Any CPU
		{54719FA3-E2C1-4622-B283-F9A821A369FA}.Debug|Any CPU.Build.0 = Debug|Any CPU
		{54719FA3-E2C1-4622-B283-F9A821A369FA}.Release|Any CPU.ActiveCfg = Release|Any CPU
		{54719FA3-E2C1-4622-B283-F9A821A369FA}.Release|Any CPU.Build.0 = Release|Any CPU
	EndGlobalSection
	GlobalSection(SolutionProperties) = preSolution
		HideSolutionNode = FALSE
	EndGlobalSection
	GlobalSection(ExtensibilityGlobals) = postSolution
		SolutionGuid = {D3C4DFA3-0851-4A44-97F9-698225666CBD}
	EndGlobalSection
EndGlobal
